
Microsoft Visual Studio Solution File, Format Version 12.00
# Visual Studio Version 17
VisualStudioVersion = 17.14.36518.9 d17.14
MinimumVisualStudioVersion = 10.0.40219.1
Project("{FAE04EC0-301F-11D3-BF4B-00C04F79EFBC}") = "SignalRChat", "SignalRChat\SignalRChat.csproj", "{8262C65C-3FDA-4643-96AE-E2E0F459F15B}"
EndProject
Global
	GlobalSection(SolutionConfigurationPlatforms) = preSolution
		Debug|Any CPU = Debug|Any CPU
		Release|Any CPU = Release|Any CPU
	EndGlobalSection
	GlobalSection(ProjectConfigurationPlatforms) = postSolution
		{8262C65C-3FDA-4643-96AE-E2E0F459F15B}.Debug|Any CPU.ActiveCfg = Debug|Any CPU
		{8262C65C-3FDA-4643-96AE-E2E0F459F15B}.Debug|Any CPU.Build.0 = Debug|Any CPU
		{8262C65C-3FDA-4643-96AE-E2E0F459F15B}.Release|Any CPU.ActiveCfg = Release|Any CPU
		{8262C65C-3FDA-4643-96AE-E2E0F459F15B}.Release|Any CPU.Build.0 = Release|Any CPU
	EndGlobalSection
	GlobalSection(SolutionProperties) = preSolution
		HideSolutionNode = FALSE
	EndGlobalSection
	GlobalSection(ExtensibilityGlobals) = postSolution
		SolutionGuid = {AB4B05F4-4B11-4262-8C29-C2C08F26D986}
	EndGlobalSection
EndGlobal
