
Microsoft Visual Studio Solution File, Format Version 12.00
# Visual Studio Version 17
VisualStudioVersion = 17.14.36518.9 d17.14
MinimumVisualStudioVersion = 10.0.40219.1
Project("{FAE04EC0-301F-11D3-BF4B-00C04F79EFBC}") = "CarsAPI", "CarsAPI\CarsAPI.csproj", "{79375428-B944-4E0D-8A69-F68DBE0CA319}"
EndProject
Global
	GlobalSection(SolutionConfigurationPlatforms) = preSolution
		Debug|Any CPU = Debug|Any CPU
		Release|Any CPU = Release|Any CPU
	EndGlobalSection
	GlobalSection(ProjectConfigurationPlatforms) = postSolution
		{79375428-B944-4E0D-8A69-F68DBE0CA319}.Debug|Any CPU.ActiveCfg = Debug|Any CPU
		{79375428-B944-4E0D-8A69-F68DBE0CA319}.Debug|Any CPU.Build.0 = Debug|Any CPU
		{79375428-B944-4E0D-8A69-F68DBE0CA319}.Release|Any CPU.ActiveCfg = Release|Any CPU
		{79375428-B944-4E0D-8A69-F68DBE0CA319}.Release|Any CPU.Build.0 = Release|Any CPU
	EndGlobalSection
	GlobalSection(SolutionProperties) = preSolution
		HideSolutionNode = FALSE
	EndGlobalSection
	GlobalSection(ExtensibilityGlobals) = postSolution
		SolutionGuid = {2D7C9E36-558A-483B-9F4A-181C45792B40}
	EndGlobalSection
EndGlobal
